
Microsoft Visual Studio Solution File, Format Version 12.00
# Visual Studio Version 17
VisualStudioVersion = 17.10.35013.160
MinimumVisualStudioVersion = 10.0.40219.1
Project("{2150E333-8FDC-42A3-9474-1A3956D46DE8}") = "src", "src", "{E49B3F82-EB23-41FD-9756-41844ED8FCEB}"
EndProject
Project("{9A19103F-16F7-4668-BE54-9A1E7A4F7556}") = "PackingIT.Domain", "src\PackingIT.Domain\PackingIT.Domain.csproj", "{EA25E15F-638F-42F0-85FC-96BC9C6C4FF8}"
EndProject
Project("{9A19103F-16F7-4668-BE54-9A1E7A4F7556}") = "PackingIT.Application", "src\PackingIT.Application\PackingIT.Application.csproj", "{DC2D4E26-5CE1-4B46-AE78-EDB273D9C92E}"
EndProject
Project("{9A19103F-16F7-4668-BE54-9A1E7A4F7556}") = "PackingIT.Infrastrucutre", "src\PackingIT.Infrastrucutre\PackingIT.Infrastrucutre.csproj", "{B3ABF44B-9C43-4734-8BE7-C75958175E1E}"
EndProject
Project("{9A19103F-16F7-4668-BE54-9A1E7A4F7556}") = "PackingIT.API", "src\PackingIT.API\PackingIT.API.csproj", "{9429A0C8-CEFF-4310-B361-9506B195CA66}"
EndProject
Project("{2150E333-8FDC-42A3-9474-1A3956D46DE8}") = "shared", "shared", "{5E42E810-A6A0-4515-907C-090F6BC0AC2D}"
EndProject
Project("{9A19103F-16F7-4668-BE54-9A1E7A4F7556}") = "PackingIT.Shared", "src\shared\PackingIT.Shared\PackingIT.Shared.csproj", "{8819E249-2158-45EB-949A-3B4491E7BD3C}"
EndProject
Project("{FAE04EC0-301F-11D3-BF4B-00C04F79EFBC}") = "PackingIT.Shared.Abstraction", "src\shared\PackingIT.Shared.Abstraction\PackingIT.Shared.Abstraction.csproj", "{327DB58A-9B56-41E1-A729-E9BA3150DE54}"
EndProject
Global
	GlobalSection(SolutionConfigurationPlatforms) = preSolution
		Debug|Any CPU = Debug|Any CPU
		Release|Any CPU = Release|Any CPU
	EndGlobalSection
	GlobalSection(ProjectConfigurationPlatforms) = postSolution
		{EA25E15F-638F-42F0-85FC-96BC9C6C4FF8}.Debug|Any CPU.ActiveCfg = Debug|Any CPU
		{EA25E15F-638F-42F0-85FC-96BC9C6C4FF8}.Debug|Any CPU.Build.0 = Debug|Any CPU
		{EA25E15F-638F-42F0-85FC-96BC9C6C4FF8}.Release|Any CPU.ActiveCfg = Release|Any CPU
		{EA25E15F-638F-42F0-85FC-96BC9C6C4FF8}.Release|Any CPU.Build.0 = Release|Any CPU
		{DC2D4E26-5CE1-4B46-AE78-EDB273D9C92E}.Debug|Any CPU.ActiveCfg = Debug|Any CPU
		{DC2D4E26-5CE1-4B46-AE78-EDB273D9C92E}.Debug|Any CPU.Build.0 = Debug|Any CPU
		{DC2D4E26-5CE1-4B46-AE78-EDB273D9C92E}.Release|Any CPU.ActiveCfg = Release|Any CPU
		{DC2D4E26-5CE1-4B46-AE78-EDB273D9C92E}.Release|Any CPU.Build.0 = Release|Any CPU
		{B3ABF44B-9C43-4734-8BE7-C75958175E1E}.Debug|Any CPU.ActiveCfg = Debug|Any CPU
		{B3ABF44B-9C43-4734-8BE7-C75958175E1E}.Debug|Any CPU.Build.0 = Debug|Any CPU
		{B3ABF44B-9C43-4734-8BE7-C75958175E1E}.Release|Any CPU.ActiveCfg = Release|Any CPU
		{B3ABF44B-9C43-4734-8BE7-C75958175E1E}.Release|Any CPU.Build.0 = Release|Any CPU
		{9429A0C8-CEFF-4310-B361-9506B195CA66}.Debug|Any CPU.ActiveCfg = Debug|Any CPU
		{9429A0C8-CEFF-4310-B361-9506B195CA66}.Debug|Any CPU.Build.0 = Debug|Any CPU
		{9429A0C8-CEFF-4310-B361-9506B195CA66}.Release|Any CPU.ActiveCfg = Release|Any CPU
		{9429A0C8-CEFF-4310-B361-9506B195CA66}.Release|Any CPU.Build.0 = Release|Any CPU
		{8819E249-2158-45EB-949A-3B4491E7BD3C}.Debug|Any CPU.ActiveCfg = Debug|Any CPU
		{8819E249-2158-45EB-949A-3B4491E7BD3C}.Debug|Any CPU.Build.0 = Debug|Any CPU
		{8819E249-2158-45EB-949A-3B4491E7BD3C}.Release|Any CPU.ActiveCfg = Release|Any CPU
		{8819E249-2158-45EB-949A-3B4491E7BD3C}.Release|Any CPU.Build.0 = Release|Any CPU
		{327DB58A-9B56-41E1-A729-E9BA3150DE54}.Debug|Any CPU.ActiveCfg = Debug|Any CPU
		{327DB58A-9B56-41E1-A729-E9BA3150DE54}.Debug|Any CPU.Build.0 = Debug|Any CPU
		{327DB58A-9B56-41E1-A729-E9BA3150DE54}.Release|Any CPU.ActiveCfg = Release|Any CPU
		{327DB58A-9B56-41E1-A729-E9BA3150DE54}.Release|Any CPU.Build.0 = Release|Any CPU
	EndGlobalSection
	GlobalSection(SolutionProperties) = preSolution
		HideSolutionNode = FALSE
	EndGlobalSection
	GlobalSection(NestedProjects) = preSolution
		{EA25E15F-638F-42F0-85FC-96BC9C6C4FF8} = {E49B3F82-EB23-41FD-9756-41844ED8FCEB}
		{DC2D4E26-5CE1-4B46-AE78-EDB273D9C92E} = {E49B3F82-EB23-41FD-9756-41844ED8FCEB}
		{B3ABF44B-9C43-4734-8BE7-C75958175E1E} = {E49B3F82-EB23-41FD-9756-41844ED8FCEB}
		{9429A0C8-CEFF-4310-B361-9506B195CA66} = {E49B3F82-EB23-41FD-9756-41844ED8FCEB}
		{5E42E810-A6A0-4515-907C-090F6BC0AC2D} = {E49B3F82-EB23-41FD-9756-41844ED8FCEB}
		{8819E249-2158-45EB-949A-3B4491E7BD3C} = {5E42E810-A6A0-4515-907C-090F6BC0AC2D}
		{327DB58A-9B56-41E1-A729-E9BA3150DE54} = {5E42E810-A6A0-4515-907C-090F6BC0AC2D}
	EndGlobalSection
	GlobalSection(ExtensibilityGlobals) = postSolution
		SolutionGuid = {DC050B7A-3418-4C56-8603-D0136F67ABEC}
	EndGlobalSection
EndGlobal
